// !$*UTF8*$!
{
	archiveVersion = 1;
	classes = {
	};
	objectVersion = 46;
	objects = {

/* Begin PBXBuildFile section */
		5067EF4F18A24DFB00785660 /* UIFont+UIPFonts.m in Sources */ = {isa = PBXBuildFile; fileRef = 5067EF4E18A24DFB00785660 /* UIFont+UIPFonts.m */; };
		5067EF5218A2513400785660 /* UIWebView+UIPTitle.m in Sources */ = {isa = PBXBuildFile; fileRef = 5067EF5118A2513400785660 /* UIWebView+UIPTitle.m */; };
		5067EF5518A251B300785660 /* UIImage+UIPMetadata.m in Sources */ = {isa = PBXBuildFile; fileRef = 5067EF5418A251B300785660 /* UIImage+UIPMetadata.m */; };
		5067EF5818A251DB00785660 /* UIImageView+UIPImageFrame.m in Sources */ = {isa = PBXBuildFile; fileRef = 5067EF5718A251DB00785660 /* UIImageView+UIPImageFrame.m */; };
		5067EF5B18A2521600785660 /* UIView+UIPFrame.m in Sources */ = {isa = PBXBuildFile; fileRef = 5067EF5A18A2521600785660 /* UIView+UIPFrame.m */; };
		5067EF5E18A2528500785660 /* UIDevice+UIPNetworkName.m in Sources */ = {isa = PBXBuildFile; fileRef = 5067EF5D18A2528500785660 /* UIDevice+UIPNetworkName.m */; };
		5078F3C518A7D1B800770EBC /* UITableViewCell+UIPDefaultReuseIdentifier.m in Sources */ = {isa = PBXBuildFile; fileRef = 5078F3C418A7D1B800770EBC /* UITableViewCell+UIPDefaultReuseIdentifier.m */; };
		5078F3C818A7D20400770EBC /* UICollectionViewCell+UIPDefaultReuseIdentifier.m in Sources */ = {isa = PBXBuildFile; fileRef = 5078F3C718A7D20400770EBC /* UICollectionViewCell+UIPDefaultReuseIdentifier.m */; };
		507F1FE818B4E618001B1203 /* UIApplication+UIPInstallationIdentifier.m in Sources */ = {isa = PBXBuildFile; fileRef = 507F1FE718B4E618001B1203 /* UIApplication+UIPInstallationIdentifier.m */; };
		507F1FEF18B4E6B2001B1203 /* UICollectionView+UIPPerformUpdate.m in Sources */ = {isa = PBXBuildFile; fileRef = 507F1FEE18B4E6B2001B1203 /* UICollectionView+UIPPerformUpdate.m */; };
		50C5F32618699A860057564D /* Foundation.framework in Frameworks */ = {isa = PBXBuildFile; fileRef = 50C5F32518699A860057564D /* Foundation.framework */; };
		50C5F38518699AAD0057564D /* CGAffineTransformForInterfaceOrientation.m in Sources */ = {isa = PBXBuildFile; fileRef = 50C5F34C18699AAD0057564D /* CGAffineTransformForInterfaceOrientation.m */; };
		50C5F38618699AAD0057564D /* NSBundle+UIPBundle.m in Sources */ = {isa = PBXBuildFile; fileRef = 50C5F34E18699AAD0057564D /* NSBundle+UIPBundle.m */; };
		50C5F38718699AAD0057564D /* NSBundle+UIPUIKitBundle.m in Sources */ = {isa = PBXBuildFile; fileRef = 50C5F35018699AAD0057564D /* NSBundle+UIPUIKitBundle.m */; };
		50C5F38818699AAD0057564D /* NSMutableArray+IBOutletCollectionSorting.m in Sources */ = {isa = PBXBuildFile; fileRef = 50C5F35218699AAD0057564D /* NSMutableArray+IBOutletCollectionSorting.m */; };
		50C5F38918699AAD0057564D /* UIAlertView+UIPShow.m in Sources */ = {isa = PBXBuildFile; fileRef = 50C5F35418699AAD0057564D /* UIAlertView+UIPShow.m */; };
		50C5F38A18699AAD0057564D /* UIApplication+UIPLocalNotification.m in Sources */ = {isa = PBXBuildFile; fileRef = 50C5F35618699AAD0057564D /* UIApplication+UIPLocalNotification.m */; };
		50C5F38B18699AAD0057564D /* UIGestureRecognizer+UIPFail.m in Sources */ = {isa = PBXBuildFile; fileRef = 50C5F35818699AAD0057564D /* UIGestureRecognizer+UIPFail.m */; };
		50C5F38C18699AAD0057564D /* UIPCenteredScrollView.m in Sources */ = {isa = PBXBuildFile; fileRef = 50C5F35C18699AAD0057564D /* UIPCenteredScrollView.m */; };
		50C5F38D18699AAD0057564D /* UIPCheckbox.m in Sources */ = {isa = PBXBuildFile; fileRef = 50C5F35E18699AAD0057564D /* UIPCheckbox.m */; };
		50C5F38E18699AAD0057564D /* UIPDiffusiveView.m in Sources */ = {isa = PBXBuildFile; fileRef = 50C5F36018699AAD0057564D /* UIPDiffusiveView.m */; };
		50C5F38F18699AAD0057564D /* UIPLocalNotifiationActivity.m in Sources */ = {isa = PBXBuildFile; fileRef = 50C5F36218699AAD0057564D /* UIPLocalNotifiationActivity.m */; };
		50C5F39018699AAD0057564D /* UIPOversizeScrollView.m in Sources */ = {isa = PBXBuildFile; fileRef = 50C5F36418699AAD0057564D /* UIPOversizeScrollView.m */; };
		50C5F39118699AAD0057564D /* UIPPositionTableView.m in Sources */ = {isa = PBXBuildFile; fileRef = 50C5F36618699AAD0057564D /* UIPPositionTableView.m */; };
		50C5F39218699AAD0057564D /* UIPPositionTableViewCell.m in Sources */ = {isa = PBXBuildFile; fileRef = 50C5F36818699AAD0057564D /* UIPPositionTableViewCell.m */; };
		50C5F39318699AAD0057564D /* UITableViewCell+UIPCellCreation.m in Sources */ = {isa = PBXBuildFile; fileRef = 50C5F36A18699AAD0057564D /* UITableViewCell+UIPCellCreation.m */; };
		50C5F39418699AAD0057564D /* UITableViewHeaderFooterView+UIPHeaderFooterCreation.m in Sources */ = {isa = PBXBuildFile; fileRef = 50C5F36C18699AAD0057564D /* UITableViewHeaderFooterView+UIPHeaderFooterCreation.m */; };
		50C5F39518699AAD0057564D /* UITextField+UIPOutlets.m in Sources */ = {isa = PBXBuildFile; fileRef = 50C5F36E18699AAD0057564D /* UITextField+UIPOutlets.m */; };
		50C5F39618699AAD0057564D /* UIView+UIPAnimationCurve.m in Sources */ = {isa = PBXBuildFile; fileRef = 50C5F37018699AAD0057564D /* UIView+UIPAnimationCurve.m */; };
		50C5F39718699AAD0057564D /* UIView+UIPCornerRadius.m in Sources */ = {isa = PBXBuildFile; fileRef = 50C5F37218699AAD0057564D /* UIView+UIPCornerRadius.m */; };
		50C5F39818699AAD0057564D /* UIView+UIPFindSubview.m in Sources */ = {isa = PBXBuildFile; fileRef = 50C5F37418699AAD0057564D /* UIView+UIPFindSubview.m */; };
		50C5F39918699AAD0057564D /* UIView+UIPNibLoading.m in Sources */ = {isa = PBXBuildFile; fileRef = 50C5F37618699AAD0057564D /* UIView+UIPNibLoading.m */; };
		50C5F39A18699AAD0057564D /* UIView+UIPRemoveAllSubviews.m in Sources */ = {isa = PBXBuildFile; fileRef = 50C5F37818699AAD0057564D /* UIView+UIPRemoveAllSubviews.m */; };
		50C5F39B18699AAD0057564D /* UIView+UIPRenderToImage.m in Sources */ = {isa = PBXBuildFile; fileRef = 50C5F37A18699AAD0057564D /* UIView+UIPRenderToImage.m */; };
		50C5F39C18699AAD0057564D /* UIView+UIPSuperviewOfClass.m in Sources */ = {isa = PBXBuildFile; fileRef = 50C5F37C18699AAD0057564D /* UIView+UIPSuperviewOfClass.m */; };
		50C5F39D18699AAD0057564D /* UIViewController+UIPDismiss.m in Sources */ = {isa = PBXBuildFile; fileRef = 50C5F37E18699AAD0057564D /* UIViewController+UIPDismiss.m */; };
		50C5F39E18699AAD0057564D /* UIViewController+UIPNavigationControllerPop.m in Sources */ = {isa = PBXBuildFile; fileRef = 50C5F38018699AAD0057564D /* UIViewController+UIPNavigationControllerPop.m */; };
		50C5F39F18699AAD0057564D /* UIViewController+UIPPresentModalViewControllerWithSize.m in Sources */ = {isa = PBXBuildFile; fileRef = 50C5F38218699AAD0057564D /* UIViewController+UIPPresentModalViewControllerWithSize.m */; };
		50C5F3A018699AAD0057564D /* UIWebView+UIPHTMLSource.m in Sources */ = {isa = PBXBuildFile; fileRef = 50C5F38418699AAD0057564D /* UIWebView+UIPHTMLSource.m */; };
/* End PBXBuildFile section */

/* Begin PBXCopyFilesBuildPhase section */
		50C5F32018699A860057564D /* CopyFiles */ = {
			isa = PBXCopyFilesBuildPhase;
			buildActionMask = 2147483647;
			dstPath = "include/$(PRODUCT_NAME)";
			dstSubfolderSpec = 16;
			files = (
			);
			runOnlyForDeploymentPostprocessing = 0;
		};
/* End PBXCopyFilesBuildPhase section */

/* Begin PBXFileReference section */
		5067EF4D18A24DFB00785660 /* UIFont+UIPFonts.h */ = {isa = PBXFileReference; fileEncoding = 4; lastKnownFileType = sourcecode.c.h; path = "UIFont+UIPFonts.h"; sourceTree = "<group>"; };
		5067EF4E18A24DFB00785660 /* UIFont+UIPFonts.m */ = {isa = PBXFileReference; fileEncoding = 4; lastKnownFileType = sourcecode.c.objc; path = "UIFont+UIPFonts.m"; sourceTree = "<group>"; };
		5067EF5018A2513400785660 /* UIWebView+UIPTitle.h */ = {isa = PBXFileReference; fileEncoding = 4; lastKnownFileType = sourcecode.c.h; path = "UIWebView+UIPTitle.h"; sourceTree = "<group>"; };
		5067EF5118A2513400785660 /* UIWebView+UIPTitle.m */ = {isa = PBXFileReference; fileEncoding = 4; lastKnownFileType = sourcecode.c.objc; path = "UIWebView+UIPTitle.m"; sourceTree = "<group>"; };
		5067EF5318A251B300785660 /* UIImage+UIPMetadata.h */ = {isa = PBXFileReference; fileEncoding = 4; lastKnownFileType = sourcecode.c.h; path = "UIImage+UIPMetadata.h"; sourceTree = "<group>"; };
		5067EF5418A251B300785660 /* UIImage+UIPMetadata.m */ = {isa = PBXFileReference; fileEncoding = 4; lastKnownFileType = sourcecode.c.objc; path = "UIImage+UIPMetadata.m"; sourceTree = "<group>"; };
		5067EF5618A251DB00785660 /* UIImageView+UIPImageFrame.h */ = {isa = PBXFileReference; fileEncoding = 4; lastKnownFileType = sourcecode.c.h; path = "UIImageView+UIPImageFrame.h"; sourceTree = "<group>"; };
		5067EF5718A251DB00785660 /* UIImageView+UIPImageFrame.m */ = {isa = PBXFileReference; fileEncoding = 4; lastKnownFileType = sourcecode.c.objc; path = "UIImageView+UIPImageFrame.m"; sourceTree = "<group>"; };
		5067EF5918A2521600785660 /* UIView+UIPFrame.h */ = {isa = PBXFileReference; fileEncoding = 4; lastKnownFileType = sourcecode.c.h; path = "UIView+UIPFrame.h"; sourceTree = "<group>"; };
		5067EF5A18A2521600785660 /* UIView+UIPFrame.m */ = {isa = PBXFileReference; fileEncoding = 4; lastKnownFileType = sourcecode.c.objc; path = "UIView+UIPFrame.m"; sourceTree = "<group>"; };
		5067EF5C18A2528500785660 /* UIDevice+UIPNetworkName.h */ = {isa = PBXFileReference; fileEncoding = 4; lastKnownFileType = sourcecode.c.h; path = "UIDevice+UIPNetworkName.h"; sourceTree = "<group>"; };
		5067EF5D18A2528500785660 /* UIDevice+UIPNetworkName.m */ = {isa = PBXFileReference; fileEncoding = 4; lastKnownFileType = sourcecode.c.objc; path = "UIDevice+UIPNetworkName.m"; sourceTree = "<group>"; };
		5078F3C318A7D1B800770EBC /* UITableViewCell+UIPDefaultReuseIdentifier.h */ = {isa = PBXFileReference; fileEncoding = 4; lastKnownFileType = sourcecode.c.h; path = "UITableViewCell+UIPDefaultReuseIdentifier.h"; sourceTree = "<group>"; };
		5078F3C418A7D1B800770EBC /* UITableViewCell+UIPDefaultReuseIdentifier.m */ = {isa = PBXFileReference; fileEncoding = 4; lastKnownFileType = sourcecode.c.objc; path = "UITableViewCell+UIPDefaultReuseIdentifier.m"; sourceTree = "<group>"; };
		5078F3C618A7D20400770EBC /* UICollectionViewCell+UIPDefaultReuseIdentifier.h */ = {isa = PBXFileReference; fileEncoding = 4; lastKnownFileType = sourcecode.c.h; path = "UICollectionViewCell+UIPDefaultReuseIdentifier.h"; sourceTree = "<group>"; };
		5078F3C718A7D20400770EBC /* UICollectionViewCell+UIPDefaultReuseIdentifier.m */ = {isa = PBXFileReference; fileEncoding = 4; lastKnownFileType = sourcecode.c.objc; path = "UICollectionViewCell+UIPDefaultReuseIdentifier.m"; sourceTree = "<group>"; };
		507F1FE618B4E618001B1203 /* UIApplication+UIPInstallationIdentifier.h */ = {isa = PBXFileReference; fileEncoding = 4; lastKnownFileType = sourcecode.c.h; path = "UIApplication+UIPInstallationIdentifier.h"; sourceTree = "<group>"; };
		507F1FE718B4E618001B1203 /* UIApplication+UIPInstallationIdentifier.m */ = {isa = PBXFileReference; fileEncoding = 4; lastKnownFileType = sourcecode.c.objc; path = "UIApplication+UIPInstallationIdentifier.m"; sourceTree = "<group>"; };
		507F1FED18B4E6B2001B1203 /* UICollectionView+UIPPerformUpdate.h */ = {isa = PBXFileReference; fileEncoding = 4; lastKnownFileType = sourcecode.c.h; path = "UICollectionView+UIPPerformUpdate.h"; sourceTree = "<group>"; };
		507F1FEE18B4E6B2001B1203 /* UICollectionView+UIPPerformUpdate.m */ = {isa = PBXFileReference; fileEncoding = 4; lastKnownFileType = sourcecode.c.objc; path = "UICollectionView+UIPPerformUpdate.m"; sourceTree = "<group>"; };
		50C5F32218699A860057564D /* libUIKitPlus.a */ = {isa = PBXFileReference; explicitFileType = archive.ar; includeInIndex = 0; path = libUIKitPlus.a; sourceTree = BUILT_PRODUCTS_DIR; };
		50C5F32518699A860057564D /* Foundation.framework */ = {isa = PBXFileReference; lastKnownFileType = wrapper.framework; name = Foundation.framework; path = System/Library/Frameworks/Foundation.framework; sourceTree = SDKROOT; };
		50C5F33318699A860057564D /* XCTest.framework */ = {isa = PBXFileReference; lastKnownFileType = wrapper.framework; name = XCTest.framework; path = Library/Frameworks/XCTest.framework; sourceTree = DEVELOPER_DIR; };
		50C5F33618699A860057564D /* UIKit.framework */ = {isa = PBXFileReference; lastKnownFileType = wrapper.framework; name = UIKit.framework; path = Library/Frameworks/UIKit.framework; sourceTree = DEVELOPER_DIR; };
		50C5F34B18699AAD0057564D /* CGAffineTransformForInterfaceOrientation.h */ = {isa = PBXFileReference; fileEncoding = 4; lastKnownFileType = sourcecode.c.h; path = CGAffineTransformForInterfaceOrientation.h; sourceTree = "<group>"; };
		50C5F34C18699AAD0057564D /* CGAffineTransformForInterfaceOrientation.m */ = {isa = PBXFileReference; fileEncoding = 4; lastKnownFileType = sourcecode.c.objc; path = CGAffineTransformForInterfaceOrientation.m; sourceTree = "<group>"; };
		50C5F34D18699AAD0057564D /* NSBundle+UIPBundle.h */ = {isa = PBXFileReference; fileEncoding = 4; lastKnownFileType = sourcecode.c.h; path = "NSBundle+UIPBundle.h"; sourceTree = "<group>"; };
		50C5F34E18699AAD0057564D /* NSBundle+UIPBundle.m */ = {isa = PBXFileReference; fileEncoding = 4; lastKnownFileType = sourcecode.c.objc; path = "NSBundle+UIPBundle.m"; sourceTree = "<group>"; };
		50C5F34F18699AAD0057564D /* NSBundle+UIPUIKitBundle.h */ = {isa = PBXFileReference; fileEncoding = 4; lastKnownFileType = sourcecode.c.h; path = "NSBundle+UIPUIKitBundle.h"; sourceTree = "<group>"; };
		50C5F35018699AAD0057564D /* NSBundle+UIPUIKitBundle.m */ = {isa = PBXFileReference; fileEncoding = 4; lastKnownFileType = sourcecode.c.objc; path = "NSBundle+UIPUIKitBundle.m"; sourceTree = "<group>"; };
		50C5F35118699AAD0057564D /* NSMutableArray+IBOutletCollectionSorting.h */ = {isa = PBXFileReference; fileEncoding = 4; lastKnownFileType = sourcecode.c.h; path = "NSMutableArray+IBOutletCollectionSorting.h"; sourceTree = "<group>"; };
		50C5F35218699AAD0057564D /* NSMutableArray+IBOutletCollectionSorting.m */ = {isa = PBXFileReference; fileEncoding = 4; lastKnownFileType = sourcecode.c.objc; path = "NSMutableArray+IBOutletCollectionSorting.m"; sourceTree = "<group>"; };
		50C5F35318699AAD0057564D /* UIAlertView+UIPShow.h */ = {isa = PBXFileReference; fileEncoding = 4; lastKnownFileType = sourcecode.c.h; path = "UIAlertView+UIPShow.h"; sourceTree = "<group>"; };
		50C5F35418699AAD0057564D /* UIAlertView+UIPShow.m */ = {isa = PBXFileReference; fileEncoding = 4; lastKnownFileType = sourcecode.c.objc; path = "UIAlertView+UIPShow.m"; sourceTree = "<group>"; };
		50C5F35518699AAD0057564D /* UIApplication+UIPLocalNotification.h */ = {isa = PBXFileReference; fileEncoding = 4; lastKnownFileType = sourcecode.c.h; path = "UIApplication+UIPLocalNotification.h"; sourceTree = "<group>"; };
		50C5F35618699AAD0057564D /* UIApplication+UIPLocalNotification.m */ = {isa = PBXFileReference; fileEncoding = 4; lastKnownFileType = sourcecode.c.objc; path = "UIApplication+UIPLocalNotification.m"; sourceTree = "<group>"; };
		50C5F35718699AAD0057564D /* UIGestureRecognizer+UIPFail.h */ = {isa = PBXFileReference; fileEncoding = 4; lastKnownFileType = sourcecode.c.h; path = "UIGestureRecognizer+UIPFail.h"; sourceTree = "<group>"; };
		50C5F35818699AAD0057564D /* UIGestureRecognizer+UIPFail.m */ = {isa = PBXFileReference; fileEncoding = 4; lastKnownFileType = sourcecode.c.objc; path = "UIGestureRecognizer+UIPFail.m"; sourceTree = "<group>"; };
		50C5F35918699AAD0057564D /* UIKitPlus-Prefix.pch */ = {isa = PBXFileReference; fileEncoding = 4; lastKnownFileType = sourcecode.c.h; path = "UIKitPlus-Prefix.pch"; sourceTree = "<group>"; };
		50C5F35A18699AAD0057564D /* UIKitPlus.h */ = {isa = PBXFileReference; fileEncoding = 4; lastKnownFileType = sourcecode.c.h; path = UIKitPlus.h; sourceTree = "<group>"; };
		50C5F35B18699AAD0057564D /* UIPCenteredScrollView.h */ = {isa = PBXFileReference; fileEncoding = 4; lastKnownFileType = sourcecode.c.h; path = UIPCenteredScrollView.h; sourceTree = "<group>"; };
		50C5F35C18699AAD0057564D /* UIPCenteredScrollView.m */ = {isa = PBXFileReference; fileEncoding = 4; lastKnownFileType = sourcecode.c.objc; path = UIPCenteredScrollView.m; sourceTree = "<group>"; };
		50C5F35D18699AAD0057564D /* UIPCheckbox.h */ = {isa = PBXFileReference; fileEncoding = 4; lastKnownFileType = sourcecode.c.h; path = UIPCheckbox.h; sourceTree = "<group>"; };
		50C5F35E18699AAD0057564D /* UIPCheckbox.m */ = {isa = PBXFileReference; fileEncoding = 4; lastKnownFileType = sourcecode.c.objc; path = UIPCheckbox.m; sourceTree = "<group>"; };
		50C5F35F18699AAD0057564D /* UIPDiffusiveView.h */ = {isa = PBXFileReference; fileEncoding = 4; lastKnownFileType = sourcecode.c.h; path = UIPDiffusiveView.h; sourceTree = "<group>"; };
		50C5F36018699AAD0057564D /* UIPDiffusiveView.m */ = {isa = PBXFileReference; fileEncoding = 4; lastKnownFileType = sourcecode.c.objc; path = UIPDiffusiveView.m; sourceTree = "<group>"; };
		50C5F36118699AAD0057564D /* UIPLocalNotifiationActivity.h */ = {isa = PBXFileReference; fileEncoding = 4; lastKnownFileType = sourcecode.c.h; path = UIPLocalNotifiationActivity.h; sourceTree = "<group>"; };
		50C5F36218699AAD0057564D /* UIPLocalNotifiationActivity.m */ = {isa = PBXFileReference; fileEncoding = 4; lastKnownFileType = sourcecode.c.objc; path = UIPLocalNotifiationActivity.m; sourceTree = "<group>"; };
		50C5F36318699AAD0057564D /* UIPOversizeScrollView.h */ = {isa = PBXFileReference; fileEncoding = 4; lastKnownFileType = sourcecode.c.h; path = UIPOversizeScrollView.h; sourceTree = "<group>"; };
		50C5F36418699AAD0057564D /* UIPOversizeScrollView.m */ = {isa = PBXFileReference; fileEncoding = 4; lastKnownFileType = sourcecode.c.objc; path = UIPOversizeScrollView.m; sourceTree = "<group>"; };
		50C5F36518699AAD0057564D /* UIPPositionTableView.h */ = {isa = PBXFileReference; fileEncoding = 4; lastKnownFileType = sourcecode.c.h; path = UIPPositionTableView.h; sourceTree = "<group>"; };
		50C5F36618699AAD0057564D /* UIPPositionTableView.m */ = {isa = PBXFileReference; fileEncoding = 4; lastKnownFileType = sourcecode.c.objc; path = UIPPositionTableView.m; sourceTree = "<group>"; };
		50C5F36718699AAD0057564D /* UIPPositionTableViewCell.h */ = {isa = PBXFileReference; fileEncoding = 4; lastKnownFileType = sourcecode.c.h; path = UIPPositionTableViewCell.h; sourceTree = "<group>"; };
		50C5F36818699AAD0057564D /* UIPPositionTableViewCell.m */ = {isa = PBXFileReference; fileEncoding = 4; lastKnownFileType = sourcecode.c.objc; path = UIPPositionTableViewCell.m; sourceTree = "<group>"; };
		50C5F36918699AAD0057564D /* UITableViewCell+UIPCellCreation.h */ = {isa = PBXFileReference; fileEncoding = 4; lastKnownFileType = sourcecode.c.h; path = "UITableViewCell+UIPCellCreation.h"; sourceTree = "<group>"; };
		50C5F36A18699AAD0057564D /* UITableViewCell+UIPCellCreation.m */ = {isa = PBXFileReference; fileEncoding = 4; lastKnownFileType = sourcecode.c.objc; path = "UITableViewCell+UIPCellCreation.m"; sourceTree = "<group>"; };
		50C5F36B18699AAD0057564D /* UITableViewHeaderFooterView+UIPHeaderFooterCreation.h */ = {isa = PBXFileReference; fileEncoding = 4; lastKnownFileType = sourcecode.c.h; path = "UITableViewHeaderFooterView+UIPHeaderFooterCreation.h"; sourceTree = "<group>"; };
		50C5F36C18699AAD0057564D /* UITableViewHeaderFooterView+UIPHeaderFooterCreation.m */ = {isa = PBXFileReference; fileEncoding = 4; lastKnownFileType = sourcecode.c.objc; path = "UITableViewHeaderFooterView+UIPHeaderFooterCreation.m"; sourceTree = "<group>"; };
		50C5F36D18699AAD0057564D /* UITextField+UIPOutlets.h */ = {isa = PBXFileReference; fileEncoding = 4; lastKnownFileType = sourcecode.c.h; path = "UITextField+UIPOutlets.h"; sourceTree = "<group>"; };
		50C5F36E18699AAD0057564D /* UITextField+UIPOutlets.m */ = {isa = PBXFileReference; fileEncoding = 4; lastKnownFileType = sourcecode.c.objc; path = "UITextField+UIPOutlets.m"; sourceTree = "<group>"; };
		50C5F36F18699AAD0057564D /* UIView+UIPAnimationCurve.h */ = {isa = PBXFileReference; fileEncoding = 4; lastKnownFileType = sourcecode.c.h; path = "UIView+UIPAnimationCurve.h"; sourceTree = "<group>"; };
		50C5F37018699AAD0057564D /* UIView+UIPAnimationCurve.m */ = {isa = PBXFileReference; fileEncoding = 4; lastKnownFileType = sourcecode.c.objc; path = "UIView+UIPAnimationCurve.m"; sourceTree = "<group>"; };
		50C5F37118699AAD0057564D /* UIView+UIPCornerRadius.h */ = {isa = PBXFileReference; fileEncoding = 4; lastKnownFileType = sourcecode.c.h; path = "UIView+UIPCornerRadius.h"; sourceTree = "<group>"; };
		50C5F37218699AAD0057564D /* UIView+UIPCornerRadius.m */ = {isa = PBXFileReference; fileEncoding = 4; lastKnownFileType = sourcecode.c.objc; path = "UIView+UIPCornerRadius.m"; sourceTree = "<group>"; };
		50C5F37318699AAD0057564D /* UIView+UIPFindSubview.h */ = {isa = PBXFileReference; fileEncoding = 4; lastKnownFileType = sourcecode.c.h; path = "UIView+UIPFindSubview.h"; sourceTree = "<group>"; };
		50C5F37418699AAD0057564D /* UIView+UIPFindSubview.m */ = {isa = PBXFileReference; fileEncoding = 4; lastKnownFileType = sourcecode.c.objc; path = "UIView+UIPFindSubview.m"; sourceTree = "<group>"; };
		50C5F37518699AAD0057564D /* UIView+UIPNibLoading.h */ = {isa = PBXFileReference; fileEncoding = 4; lastKnownFileType = sourcecode.c.h; path = "UIView+UIPNibLoading.h"; sourceTree = "<group>"; };
		50C5F37618699AAD0057564D /* UIView+UIPNibLoading.m */ = {isa = PBXFileReference; fileEncoding = 4; lastKnownFileType = sourcecode.c.objc; path = "UIView+UIPNibLoading.m"; sourceTree = "<group>"; };
		50C5F37718699AAD0057564D /* UIView+UIPRemoveAllSubviews.h */ = {isa = PBXFileReference; fileEncoding = 4; lastKnownFileType = sourcecode.c.h; path = "UIView+UIPRemoveAllSubviews.h"; sourceTree = "<group>"; };
		50C5F37818699AAD0057564D /* UIView+UIPRemoveAllSubviews.m */ = {isa = PBXFileReference; fileEncoding = 4; lastKnownFileType = sourcecode.c.objc; path = "UIView+UIPRemoveAllSubviews.m"; sourceTree = "<group>"; };
		50C5F37918699AAD0057564D /* UIView+UIPRenderToImage.h */ = {isa = PBXFileReference; fileEncoding = 4; lastKnownFileType = sourcecode.c.h; path = "UIView+UIPRenderToImage.h"; sourceTree = "<group>"; };
		50C5F37A18699AAD0057564D /* UIView+UIPRenderToImage.m */ = {isa = PBXFileReference; fileEncoding = 4; lastKnownFileType = sourcecode.c.objc; path = "UIView+UIPRenderToImage.m"; sourceTree = "<group>"; };
		50C5F37B18699AAD0057564D /* UIView+UIPSuperviewOfClass.h */ = {isa = PBXFileReference; fileEncoding = 4; lastKnownFileType = sourcecode.c.h; path = "UIView+UIPSuperviewOfClass.h"; sourceTree = "<group>"; };
		50C5F37C18699AAD0057564D /* UIView+UIPSuperviewOfClass.m */ = {isa = PBXFileReference; fileEncoding = 4; lastKnownFileType = sourcecode.c.objc; path = "UIView+UIPSuperviewOfClass.m"; sourceTree = "<group>"; };
		50C5F37D18699AAD0057564D /* UIViewController+UIPDismiss.h */ = {isa = PBXFileReference; fileEncoding = 4; lastKnownFileType = sourcecode.c.h; path = "UIViewController+UIPDismiss.h"; sourceTree = "<group>"; };
		50C5F37E18699AAD0057564D /* UIViewController+UIPDismiss.m */ = {isa = PBXFileReference; fileEncoding = 4; lastKnownFileType = sourcecode.c.objc; path = "UIViewController+UIPDismiss.m"; sourceTree = "<group>"; };
		50C5F37F18699AAD0057564D /* UIViewController+UIPNavigationControllerPop.h */ = {isa = PBXFileReference; fileEncoding = 4; lastKnownFileType = sourcecode.c.h; path = "UIViewController+UIPNavigationControllerPop.h"; sourceTree = "<group>"; };
		50C5F38018699AAD0057564D /* UIViewController+UIPNavigationControllerPop.m */ = {isa = PBXFileReference; fileEncoding = 4; lastKnownFileType = sourcecode.c.objc; path = "UIViewController+UIPNavigationControllerPop.m"; sourceTree = "<group>"; };
		50C5F38118699AAD0057564D /* UIViewController+UIPPresentModalViewControllerWithSize.h */ = {isa = PBXFileReference; fileEncoding = 4; lastKnownFileType = sourcecode.c.h; path = "UIViewController+UIPPresentModalViewControllerWithSize.h"; sourceTree = "<group>"; };
		50C5F38218699AAD0057564D /* UIViewController+UIPPresentModalViewControllerWithSize.m */ = {isa = PBXFileReference; fileEncoding = 4; lastKnownFileType = sourcecode.c.objc; path = "UIViewController+UIPPresentModalViewControllerWithSize.m"; sourceTree = "<group>"; };
		50C5F38318699AAD0057564D /* UIWebView+UIPHTMLSource.h */ = {isa = PBXFileReference; fileEncoding = 4; lastKnownFileType = sourcecode.c.h; path = "UIWebView+UIPHTMLSource.h"; sourceTree = "<group>"; };
		50C5F38418699AAD0057564D /* UIWebView+UIPHTMLSource.m */ = {isa = PBXFileReference; fileEncoding = 4; lastKnownFileType = sourcecode.c.objc; path = "UIWebView+UIPHTMLSource.m"; sourceTree = "<group>"; };
/* End PBXFileReference section */

/* Begin PBXFrameworksBuildPhase section */
		50C5F31F18699A860057564D /* Frameworks */ = {
			isa = PBXFrameworksBuildPhase;
			buildActionMask = 2147483647;
			files = (
				50C5F32618699A860057564D /* Foundation.framework in Frameworks */,
			);
			runOnlyForDeploymentPostprocessing = 0;
		};
/* End PBXFrameworksBuildPhase section */

/* Begin PBXGroup section */
		50C5F31918699A860057564D = {
			isa = PBXGroup;
			children = (
				50C5F32718699A860057564D /* UIKitPlus */,
				50C5F32418699A860057564D /* Frameworks */,
				50C5F32318699A860057564D /* Products */,
			);
			sourceTree = "<group>";
		};
		50C5F32318699A860057564D /* Products */ = {
			isa = PBXGroup;
			children = (
				50C5F32218699A860057564D /* libUIKitPlus.a */,
			);
			name = Products;
			sourceTree = "<group>";
		};
		50C5F32418699A860057564D /* Frameworks */ = {
			isa = PBXGroup;
			children = (
				50C5F32518699A860057564D /* Foundation.framework */,
				50C5F33318699A860057564D /* XCTest.framework */,
				50C5F33618699A860057564D /* UIKit.framework */,
			);
			name = Frameworks;
			sourceTree = "<group>";
		};
		50C5F32718699A860057564D /* UIKitPlus */ = {
			isa = PBXGroup;
			children = (
				50C5F35918699AAD0057564D /* UIKitPlus-Prefix.pch */,
				50C5F35A18699AAD0057564D /* UIKitPlus.h */,
				50C5F34B18699AAD0057564D /* CGAffineTransformForInterfaceOrientation.h */,
				50C5F34C18699AAD0057564D /* CGAffineTransformForInterfaceOrientation.m */,
				50C5F34D18699AAD0057564D /* NSBundle+UIPBundle.h */,
				50C5F34E18699AAD0057564D /* NSBundle+UIPBundle.m */,
				50C5F34F18699AAD0057564D /* NSBundle+UIPUIKitBundle.h */,
				50C5F35018699AAD0057564D /* NSBundle+UIPUIKitBundle.m */,
				50C5F35118699AAD0057564D /* NSMutableArray+IBOutletCollectionSorting.h */,
				50C5F35218699AAD0057564D /* NSMutableArray+IBOutletCollectionSorting.m */,
				50C5F35318699AAD0057564D /* UIAlertView+UIPShow.h */,
				50C5F35418699AAD0057564D /* UIAlertView+UIPShow.m */,
				507F1FE618B4E618001B1203 /* UIApplication+UIPInstallationIdentifier.h */,
				507F1FE718B4E618001B1203 /* UIApplication+UIPInstallationIdentifier.m */,
				50C5F35518699AAD0057564D /* UIApplication+UIPLocalNotification.h */,
				50C5F35618699AAD0057564D /* UIApplication+UIPLocalNotification.m */,
				50C5F35718699AAD0057564D /* UIGestureRecognizer+UIPFail.h */,
				50C5F35818699AAD0057564D /* UIGestureRecognizer+UIPFail.m */,
				50C5F35B18699AAD0057564D /* UIPCenteredScrollView.h */,
				50C5F35C18699AAD0057564D /* UIPCenteredScrollView.m */,
				50C5F35D18699AAD0057564D /* UIPCheckbox.h */,
				50C5F35E18699AAD0057564D /* UIPCheckbox.m */,
				507F1FED18B4E6B2001B1203 /* UICollectionView+UIPPerformUpdate.h */,
				507F1FEE18B4E6B2001B1203 /* UICollectionView+UIPPerformUpdate.m */,
				5078F3C618A7D20400770EBC /* UICollectionViewCell+UIPDefaultReuseIdentifier.h */,
				5078F3C718A7D20400770EBC /* UICollectionViewCell+UIPDefaultReuseIdentifier.m */,
				5067EF5C18A2528500785660 /* UIDevice+UIPNetworkName.h */,
				5067EF5D18A2528500785660 /* UIDevice+UIPNetworkName.m */,
				50C5F35F18699AAD0057564D /* UIPDiffusiveView.h */,
				50C5F36018699AAD0057564D /* UIPDiffusiveView.m */,
				5067EF4D18A24DFB00785660 /* UIFont+UIPFonts.h */,
				5067EF4E18A24DFB00785660 /* UIFont+UIPFonts.m */,
				5067EF5318A251B300785660 /* UIImage+UIPMetadata.h */,
				5067EF5418A251B300785660 /* UIImage+UIPMetadata.m */,
				5067EF5618A251DB00785660 /* UIImageView+UIPImageFrame.h */,
				5067EF5718A251DB00785660 /* UIImageView+UIPImageFrame.m */,
				50C5F36118699AAD0057564D /* UIPLocalNotifiationActivity.h */,
				50C5F36218699AAD0057564D /* UIPLocalNotifiationActivity.m */,
				50C5F36318699AAD0057564D /* UIPOversizeScrollView.h */,
				50C5F36418699AAD0057564D /* UIPOversizeScrollView.m */,
				50C5F36518699AAD0057564D /* UIPPositionTableView.h */,
				50C5F36618699AAD0057564D /* UIPPositionTableView.m */,
				50C5F36718699AAD0057564D /* UIPPositionTableViewCell.h */,
				50C5F36818699AAD0057564D /* UIPPositionTableViewCell.m */,
				50C5F36918699AAD0057564D /* UITableViewCell+UIPCellCreation.h */,
				50C5F36A18699AAD0057564D /* UITableViewCell+UIPCellCreation.m */,
				5078F3C318A7D1B800770EBC /* UITableViewCell+UIPDefaultReuseIdentifier.h */,
				5078F3C418A7D1B800770EBC /* UITableViewCell+UIPDefaultReuseIdentifier.m */,
				50C5F36B18699AAD0057564D /* UITableViewHeaderFooterView+UIPHeaderFooterCreation.h */,
				50C5F36C18699AAD0057564D /* UITableViewHeaderFooterView+UIPHeaderFooterCreation.m */,
				50C5F36D18699AAD0057564D /* UITextField+UIPOutlets.h */,
				50C5F36E18699AAD0057564D /* UITextField+UIPOutlets.m */,
				50C5F36F18699AAD0057564D /* UIView+UIPAnimationCurve.h */,
				50C5F37018699AAD0057564D /* UIView+UIPAnimationCurve.m */,
				50C5F37118699AAD0057564D /* UIView+UIPCornerRadius.h */,
				50C5F37218699AAD0057564D /* UIView+UIPCornerRadius.m */,
				50C5F37318699AAD0057564D /* UIView+UIPFindSubview.h */,
				50C5F37418699AAD0057564D /* UIView+UIPFindSubview.m */,
				5067EF5918A2521600785660 /* UIView+UIPFrame.h */,
				5067EF5A18A2521600785660 /* UIView+UIPFrame.m */,
				50C5F37518699AAD0057564D /* UIView+UIPNibLoading.h */,
				50C5F37618699AAD0057564D /* UIView+UIPNibLoading.m */,
				50C5F37718699AAD0057564D /* UIView+UIPRemoveAllSubviews.h */,
				50C5F37818699AAD0057564D /* UIView+UIPRemoveAllSubviews.m */,
				50C5F37918699AAD0057564D /* UIView+UIPRenderToImage.h */,
				50C5F37A18699AAD0057564D /* UIView+UIPRenderToImage.m */,
				50C5F37B18699AAD0057564D /* UIView+UIPSuperviewOfClass.h */,
				50C5F37C18699AAD0057564D /* UIView+UIPSuperviewOfClass.m */,
				50C5F37D18699AAD0057564D /* UIViewController+UIPDismiss.h */,
				50C5F37E18699AAD0057564D /* UIViewController+UIPDismiss.m */,
				50C5F37F18699AAD0057564D /* UIViewController+UIPNavigationControllerPop.h */,
				50C5F38018699AAD0057564D /* UIViewController+UIPNavigationControllerPop.m */,
				50C5F38118699AAD0057564D /* UIViewController+UIPPresentModalViewControllerWithSize.h */,
				50C5F38218699AAD0057564D /* UIViewController+UIPPresentModalViewControllerWithSize.m */,
				50C5F38318699AAD0057564D /* UIWebView+UIPHTMLSource.h */,
				50C5F38418699AAD0057564D /* UIWebView+UIPHTMLSource.m */,
				5067EF5018A2513400785660 /* UIWebView+UIPTitle.h */,
				5067EF5118A2513400785660 /* UIWebView+UIPTitle.m */,
			);
			name = UIKitPlus;
			sourceTree = "<group>";
		};
/* End PBXGroup section */

/* Begin PBXNativeTarget section */
		50C5F32118699A860057564D /* UIKitPlus */ = {
			isa = PBXNativeTarget;
			buildConfigurationList = 50C5F34518699A860057564D /* Build configuration list for PBXNativeTarget "UIKitPlus" */;
			buildPhases = (
				50C5F31E18699A860057564D /* Sources */,
				50C5F31F18699A860057564D /* Frameworks */,
				50C5F32018699A860057564D /* CopyFiles */,
			);
			buildRules = (
			);
			dependencies = (
			);
			name = UIKitPlus;
			productName = UIKitPlus;
			productReference = 50C5F32218699A860057564D /* libUIKitPlus.a */;
			productType = "com.apple.product-type.library.static";
		};
/* End PBXNativeTarget section */

/* Begin PBXProject section */
		50C5F31A18699A860057564D /* Project object */ = {
			isa = PBXProject;
			attributes = {
				LastUpgradeCheck = 0500;
				ORGANIZATIONNAME = McZonk;
			};
			buildConfigurationList = 50C5F31D18699A860057564D /* Build configuration list for PBXProject "UIKitPlus" */;
			compatibilityVersion = "Xcode 3.2";
			developmentRegion = English;
			hasScannedForEncodings = 0;
			knownRegions = (
				en,
			);
			mainGroup = 50C5F31918699A860057564D;
			productRefGroup = 50C5F32318699A860057564D /* Products */;
			projectDirPath = "";
			projectRoot = "";
			targets = (
				50C5F32118699A860057564D /* UIKitPlus */,
			);
		};
/* End PBXProject section */

/* Begin PBXSourcesBuildPhase section */
		50C5F31E18699A860057564D /* Sources */ = {
			isa = PBXSourcesBuildPhase;
			buildActionMask = 2147483647;
			files = (
				50C5F39118699AAD0057564D /* UIPPositionTableView.m in Sources */,
				50C5F39B18699AAD0057564D /* UIView+UIPRenderToImage.m in Sources */,
				50C5F38A18699AAD0057564D /* UIApplication+UIPLocalNotification.m in Sources */,
				50C5F39018699AAD0057564D /* UIPOversizeScrollView.m in Sources */,
				50C5F38B18699AAD0057564D /* UIGestureRecognizer+UIPFail.m in Sources */,
				50C5F38F18699AAD0057564D /* UIPLocalNotifiationActivity.m in Sources */,
				50C5F3A018699AAD0057564D /* UIWebView+UIPHTMLSource.m in Sources */,
				50C5F39D18699AAD0057564D /* UIViewController+UIPDismiss.m in Sources */,
				50C5F38818699AAD0057564D /* NSMutableArray+IBOutletCollectionSorting.m in Sources */,
				5067EF4F18A24DFB00785660 /* UIFont+UIPFonts.m in Sources */,
				5067EF5E18A2528500785660 /* UIDevice+UIPNetworkName.m in Sources */,
				50C5F39318699AAD0057564D /* UITableViewCell+UIPCellCreation.m in Sources */,
				50C5F38D18699AAD0057564D /* UIPCheckbox.m in Sources */,
				50C5F39218699AAD0057564D /* UIPPositionTableViewCell.m in Sources */,
				50C5F39E18699AAD0057564D /* UIViewController+UIPNavigationControllerPop.m in Sources */,
				5078F3C518A7D1B800770EBC /* UITableViewCell+UIPDefaultReuseIdentifier.m in Sources */,
				50C5F39518699AAD0057564D /* UITextField+UIPOutlets.m in Sources */,
				507F1FE818B4E618001B1203 /* UIApplication+UIPInstallationIdentifier.m in Sources */,
				5067EF5218A2513400785660 /* UIWebView+UIPTitle.m in Sources */,
				50C5F39718699AAD0057564D /* UIView+UIPCornerRadius.m in Sources */,
				50C5F39618699AAD0057564D /* UIView+UIPAnimationCurve.m in Sources */,
				50C5F39918699AAD0057564D /* UIView+UIPNibLoading.m in Sources */,
				507F1FEF18B4E6B2001B1203 /* UICollectionView+UIPPerformUpdate.m in Sources */,
				50C5F39F18699AAD0057564D /* UIViewController+UIPPresentModalViewControllerWithSize.m in Sources */,
				50C5F39C18699AAD0057564D /* UIView+UIPSuperviewOfClass.m in Sources */,
				5067EF5B18A2521600785660 /* UIView+UIPFrame.m in Sources */,
				50C5F38518699AAD0057564D /* CGAffineTransformForInterfaceOrientation.m in Sources */,
				50C5F39418699AAD0057564D /* UITableViewHeaderFooterView+UIPHeaderFooterCreation.m in Sources */,
				50C5F39A18699AAD0057564D /* UIView+UIPRemoveAllSubviews.m in Sources */,
				50C5F39818699AAD0057564D /* UIView+UIPFindSubview.m in Sources */,
				5067EF5818A251DB00785660 /* UIImageView+UIPImageFrame.m in Sources */,
				5078F3C818A7D20400770EBC /* UICollectionViewCell+UIPDefaultReuseIdentifier.m in Sources */,
				50C5F38C18699AAD0057564D /* UIPCenteredScrollView.m in Sources */,
				50C5F38918699AAD0057564D /* UIAlertView+UIPShow.m in Sources */,
				50C5F38718699AAD0057564D /* NSBundle+UIPUIKitBundle.m in Sources */,
				50C5F38618699AAD0057564D /* NSBundle+UIPBundle.m in Sources */,
				5067EF5518A251B300785660 /* UIImage+UIPMetadata.m in Sources */,
				50C5F38E18699AAD0057564D /* UIPDiffusiveView.m in Sources */,
			);
			runOnlyForDeploymentPostprocessing = 0;
		};
/* End PBXSourcesBuildPhase section */

/* Begin XCBuildConfiguration section */
		50C5F34318699A860057564D /* Debug */ = {
			isa = XCBuildConfiguration;
			buildSettings = {
				ALWAYS_SEARCH_USER_PATHS = NO;
				ARCHS = "$(ARCHS_STANDARD_INCLUDING_64_BIT)";
				CLANG_CXX_LANGUAGE_STANDARD = "gnu++0x";
				CLANG_CXX_LIBRARY = "libc++";
				CLANG_ENABLE_MODULES = YES;
				CLANG_ENABLE_OBJC_ARC = YES;
				CLANG_WARN_BOOL_CONVERSION = YES;
				CLANG_WARN_CONSTANT_CONVERSION = YES;
				CLANG_WARN_DIRECT_OBJC_ISA_USAGE = YES_ERROR;
				CLANG_WARN_EMPTY_BODY = YES;
				CLANG_WARN_ENUM_CONVERSION = YES;
				CLANG_WARN_INT_CONVERSION = YES;
				CLANG_WARN_OBJC_ROOT_CLASS = YES_ERROR;
				CLANG_WARN__DUPLICATE_METHOD_MATCH = YES;
				COPY_PHASE_STRIP = NO;
				GCC_C_LANGUAGE_STANDARD = gnu99;
				GCC_DYNAMIC_NO_PIC = NO;
				GCC_OPTIMIZATION_LEVEL = 0;
				GCC_PREPROCESSOR_DEFINITIONS = (
					"DEBUG=1",
					"$(inherited)",
				);
				GCC_SYMBOLS_PRIVATE_EXTERN = NO;
				GCC_WARN_64_TO_32_BIT_CONVERSION = YES;
				GCC_WARN_ABOUT_RETURN_TYPE = YES_ERROR;
				GCC_WARN_UNDECLARED_SELECTOR = YES;
				GCC_WARN_UNINITIALIZED_AUTOS = YES;
				GCC_WARN_UNUSED_FUNCTION = YES;
				GCC_WARN_UNUSED_VARIABLE = YES;
				HEADER_SEARCH_PATHS = (
					"$(inherited)",
					/Applications/Xcode.app/Contents/Developer/Toolchains/XcodeDefault.xctoolchain/usr/include,
					..,
				);
				IPHONEOS_DEPLOYMENT_TARGET = 7.0;
				SDKROOT = iphoneos;
			};
			name = Debug;
		};
		50C5F34418699A860057564D /* Release */ = {
			isa = XCBuildConfiguration;
			buildSettings = {
				ALWAYS_SEARCH_USER_PATHS = NO;
				ARCHS = "$(ARCHS_STANDARD_INCLUDING_64_BIT)";
				CLANG_CXX_LANGUAGE_STANDARD = "gnu++0x";
				CLANG_CXX_LIBRARY = "libc++";
				CLANG_ENABLE_MODULES = YES;
				CLANG_ENABLE_OBJC_ARC = YES;
				CLANG_WARN_BOOL_CONVERSION = YES;
				CLANG_WARN_CONSTANT_CONVERSION = YES;
				CLANG_WARN_DIRECT_OBJC_ISA_USAGE = YES_ERROR;
				CLANG_WARN_EMPTY_BODY = YES;
				CLANG_WARN_ENUM_CONVERSION = YES;
				CLANG_WARN_INT_CONVERSION = YES;
				CLANG_WARN_OBJC_ROOT_CLASS = YES_ERROR;
				CLANG_WARN__DUPLICATE_METHOD_MATCH = YES;
				COPY_PHASE_STRIP = YES;
				ENABLE_NS_ASSERTIONS = NO;
				GCC_C_LANGUAGE_STANDARD = gnu99;
				GCC_WARN_64_TO_32_BIT_CONVERSION = YES;
				GCC_WARN_ABOUT_RETURN_TYPE = YES_ERROR;
				GCC_WARN_UNDECLARED_SELECTOR = YES;
				GCC_WARN_UNINITIALIZED_AUTOS = YES;
				GCC_WARN_UNUSED_FUNCTION = YES;
				GCC_WARN_UNUSED_VARIABLE = YES;
				HEADER_SEARCH_PATHS = (
					"$(inherited)",
					/Applications/Xcode.app/Contents/Developer/Toolchains/XcodeDefault.xctoolchain/usr/include,
					..,
				);
				IPHONEOS_DEPLOYMENT_TARGET = 7.0;
				SDKROOT = iphoneos;
				VALIDATE_PRODUCT = YES;
			};
			name = Release;
		};
		50C5F34618699A860057564D /* Debug */ = {
			isa = XCBuildConfiguration;
			buildSettings = {
				DSTROOT = /tmp/UIKitPlus.dst;
				GCC_PRECOMPILE_PREFIX_HEADER = YES;
				GCC_PREFIX_HEADER = "UIKitPlus-Prefix.pch";
				OTHER_LDFLAGS = "-ObjC";
				PRODUCT_NAME = "$(TARGET_NAME)";
				SKIP_INSTALL = YES;
			};
			name = Debug;
		};
		50C5F34718699A860057564D /* Release */ = {
			isa = XCBuildConfiguration;
			buildSettings = {
				DSTROOT = /tmp/UIKitPlus.dst;
				GCC_PRECOMPILE_PREFIX_HEADER = YES;
				GCC_PREFIX_HEADER = "UIKitPlus-Prefix.pch";
				OTHER_LDFLAGS = "-ObjC";
				PRODUCT_NAME = "$(TARGET_NAME)";
				SKIP_INSTALL = YES;
			};
			name = Release;
		};
/* End XCBuildConfiguration section */

/* Begin XCConfigurationList section */
		50C5F31D18699A860057564D /* Build configuration list for PBXProject "UIKitPlus" */ = {
			isa = XCConfigurationList;
			buildConfigurations = (
				50C5F34318699A860057564D /* Debug */,
				50C5F34418699A860057564D /* Release */,
			);
			defaultConfigurationIsVisible = 0;
			defaultConfigurationName = Release;
		};
		50C5F34518699A860057564D /* Build configuration list for PBXNativeTarget "UIKitPlus" */ = {
			isa = XCConfigurationList;
			buildConfigurations = (
				50C5F34618699A860057564D /* Debug */,
				50C5F34718699A860057564D /* Release */,
			);
			defaultConfigurationIsVisible = 0;
			defaultConfigurationName = Release;
		};
/* End XCConfigurationList section */
	};
	rootObject = 50C5F31A18699A860057564D /* Project object */;
}
